
Microsoft Visual Studio Solution File, Format Version 12.00
# Visual Studio Version 16
VisualStudioVersion = 16.0.30804.86
MinimumVisualStudioVersion = 10.0.40219.1
Project("{FAE04EC0-301F-11D3-BF4B-00C04F79EFBC}") = "DigichList.Backend", "DigichList.Backend\DigichList.Backend.csproj", "{EED97ECC-49D1-4D41-8CAD-93EFEBA9400D}"
EndProject
Project("{9A19103F-16F7-4668-BE54-9A1E7A4F7556}") = "DigichList.Core", "DigichList.Core\DigichList.Core.csproj", "{ACEA821A-0D0A-4C34-8130-09F846A84293}"
EndProject
Project("{9A19103F-16F7-4668-BE54-9A1E7A4F7556}") = "DigichList.Infrastructure", "DigichList.Data\DigichList.Infrastructure.csproj", "{FD1B903D-1936-4532-9BB2-194861B8AE7E}"
EndProject
Global
	GlobalSection(SolutionConfigurationPlatforms) = preSolution
		Debug|Any CPU = Debug|Any CPU
		Release|Any CPU = Release|Any CPU
	EndGlobalSection
	GlobalSection(ProjectConfigurationPlatforms) = postSolution
		{EED97ECC-49D1-4D41-8CAD-93EFEBA9400D}.Debug|Any CPU.ActiveCfg = Debug|Any CPU
		{EED97ECC-49D1-4D41-8CAD-93EFEBA9400D}.Debug|Any CPU.Build.0 = Debug|Any CPU
		{EED97ECC-49D1-4D41-8CAD-93EFEBA9400D}.Release|Any CPU.ActiveCfg = Release|Any CPU
		{EED97ECC-49D1-4D41-8CAD-93EFEBA9400D}.Release|Any CPU.Build.0 = Release|Any CPU
		{ACEA821A-0D0A-4C34-8130-09F846A84293}.Debug|Any CPU.ActiveCfg = Debug|Any CPU
		{ACEA821A-0D0A-4C34-8130-09F846A84293}.Debug|Any CPU.Build.0 = Debug|Any CPU
		{ACEA821A-0D0A-4C34-8130-09F846A84293}.Release|Any CPU.ActiveCfg = Release|Any CPU
		{ACEA821A-0D0A-4C34-8130-09F846A84293}.Release|Any CPU.Build.0 = Release|Any CPU
		{FD1B903D-1936-4532-9BB2-194861B8AE7E}.Debug|Any CPU.ActiveCfg = Debug|Any CPU
		{FD1B903D-1936-4532-9BB2-194861B8AE7E}.Debug|Any CPU.Build.0 = Debug|Any CPU
		{FD1B903D-1936-4532-9BB2-194861B8AE7E}.Release|Any CPU.ActiveCfg = Release|Any CPU
		{FD1B903D-1936-4532-9BB2-194861B8AE7E}.Release|Any CPU.Build.0 = Release|Any CPU
	EndGlobalSection
	GlobalSection(SolutionProperties) = preSolution
		HideSolutionNode = FALSE
	EndGlobalSection
	GlobalSection(ExtensibilityGlobals) = postSolution
		SolutionGuid = {F0425E43-1950-4F16-82A3-ECF7D287D1F7}
	EndGlobalSection
EndGlobal
