
Microsoft Visual Studio Solution File, Format Version 12.00
# Visual Studio Version 16
VisualStudioVersion = 16.0.30804.86
MinimumVisualStudioVersion = 10.0.40219.1
Project("{9A19103F-16F7-4668-BE54-9A1E7A4F7556}") = "DigichList.Backend", "DigichList.Backend\DigichList.Backend.csproj", "{EED97ECC-49D1-4D41-8CAD-93EFEBA9400D}"
EndProject
Project("{9A19103F-16F7-4668-BE54-9A1E7A4F7556}") = "DigichList.Core", "C:\Users\Acer\Desktop\DigichList.TelegramBot-master\DigichList.Core\DigichList.Core.csproj", "{DBC4DA3F-6E44-4756-888E-ADB6A630D7D4}"
EndProject
Project("{9A19103F-16F7-4668-BE54-9A1E7A4F7556}") = "DigichList.Infrastructure", "C:\Users\Acer\Desktop\DigichList.TelegramBot-master\DigichList.Data\DigichList.Infrastructure.csproj", "{4D3C9F50-6F7B-40FF-B600-977EBD986595}"
EndProject
Global
	GlobalSection(SolutionConfigurationPlatforms) = preSolution
		Debug|Any CPU = Debug|Any CPU
		Release|Any CPU = Release|Any CPU
	EndGlobalSection
	GlobalSection(ProjectConfigurationPlatforms) = postSolution
		{EED97ECC-49D1-4D41-8CAD-93EFEBA9400D}.Debug|Any CPU.ActiveCfg = Debug|Any CPU
		{EED97ECC-49D1-4D41-8CAD-93EFEBA9400D}.Debug|Any CPU.Build.0 = Debug|Any CPU
		{EED97ECC-49D1-4D41-8CAD-93EFEBA9400D}.Release|Any CPU.ActiveCfg = Release|Any CPU
		{EED97ECC-49D1-4D41-8CAD-93EFEBA9400D}.Release|Any CPU.Build.0 = Release|Any CPU
		{DBC4DA3F-6E44-4756-888E-ADB6A630D7D4}.Debug|Any CPU.ActiveCfg = Debug|Any CPU
		{DBC4DA3F-6E44-4756-888E-ADB6A630D7D4}.Debug|Any CPU.Build.0 = Debug|Any CPU
		{DBC4DA3F-6E44-4756-888E-ADB6A630D7D4}.Release|Any CPU.ActiveCfg = Release|Any CPU
		{DBC4DA3F-6E44-4756-888E-ADB6A630D7D4}.Release|Any CPU.Build.0 = Release|Any CPU
		{4D3C9F50-6F7B-40FF-B600-977EBD986595}.Debug|Any CPU.ActiveCfg = Debug|Any CPU
		{4D3C9F50-6F7B-40FF-B600-977EBD986595}.Debug|Any CPU.Build.0 = Debug|Any CPU
		{4D3C9F50-6F7B-40FF-B600-977EBD986595}.Release|Any CPU.ActiveCfg = Release|Any CPU
		{4D3C9F50-6F7B-40FF-B600-977EBD986595}.Release|Any CPU.Build.0 = Release|Any CPU
	EndGlobalSection
	GlobalSection(SolutionProperties) = preSolution
		HideSolutionNode = FALSE
	EndGlobalSection
	GlobalSection(ExtensibilityGlobals) = postSolution
		SolutionGuid = {F0425E43-1950-4F16-82A3-ECF7D287D1F7}
	EndGlobalSection
EndGlobal
